<?xml version="1.0" encoding="utf-8"?>
<Project ToolsVersion="4.0" xmlns="http://schemas.microsoft.com/developer/msbuild/2003">
  <ItemGroup>
    <Filter Include="Source Files">
      <UniqueIdentifier>{4FC737F1-C7A5-4376-A066-2A32D752A2FF}</UniqueIdentifier>
      <Extensions>cpp;c;cc;cxx;c++;cppm;ixx;def;odl;idl;hpj;bat;asm;asmx</Extensions>
    </Filter>
    <Filter Include="Header Files">
      <UniqueIdentifier>{93995380-89BD-4b04-88EB-625FBE52EBFB}</UniqueIdentifier>
      <Extensions>h;hh;hpp;hxx;h++;hm;inl;inc;ipp;xsd</Extensions>
    </Filter>
    <Filter Include="Resource Files">
      <UniqueIdentifier>{67DA6AB6-F800-4c08-8B7A-83BB121AAD01}</UniqueIdentifier>
      <Extensions>rc;ico;cur;bmp;dlg;rc2;rct;bin;rgs;gif;jpg;jpeg;jpe;resx;tiff;tif;png;wav;mfcribbon-ms</Extensions>
    </Filter>
  </ItemGroup>
  <ItemGroup>
    <ClInclude Include="transporter\transporter_udp_proxy.h">
      <Filter>Header Files</Filter>
    </ClInclude>
    <ClInclude Include="transporter\transporter.h">
      <Filter>Header Files</Filter>
    </ClInclude>
    <ClInclude Include="worker\worker_layered.h">
      <Filter>Header Files</Filter>
    </ClInclude>
    <ClInclude Include="camera\camera.h">
      <Filter>Header Files</Filter>
    </ClInclude>
    <ClInclude Include="camera\camera_mock.h">
      <Filter>Header Files</Filter>
    </ClInclude>
    <ClInclude Include="camera\camera_realsense.h">
      <Filter>Header Files</Filter>
    </ClInclude>
    <ClInclude Include="encoder\encoder.h">
      <Filter>Header Files</Filter>
    </ClInclude>
    <ClInclude Include="encoder\encoder_draco.h">
      <Filter>Header Files</Filter>
    </ClInclude>
    <ClInclude Include="frame_processor\frame_processor_layered.h">
      <Filter>Header Files</Filter>
    </ClInclude>
    <ClInclude Include="sampler\sampler.h">
      <Filter>Header Files</Filter>
    </ClInclude>
    <ClInclude Include="sampler\sampler_uniform.h">
      <Filter>Header Files</Filter>
    </ClInclude>
    <ClInclude Include="result_writer.h">
      <Filter>Header Files</Filter>
    </ClInclude>
    <ClInclude Include="frame_processor\frame_processor.h">
      <Filter>Header Files</Filter>
    </ClInclude>
    <ClInclude Include="frame_processor\frame_processor_individual.h">
      <Filter>Header Files</Filter>
    </ClInclude>
    <ClInclude Include="thread_pool.h">
      <Filter>Header Files</Filter>
    </ClInclude>
    <ClInclude Include="transporter\transporter_mock.h">
      <Filter>Header Files</Filter>
    </ClInclude>
    <ClInclude Include="frame_processor\frame_processor_fixed_rate.h">
      <Filter>Header Files</Filter>
    </ClInclude>
    <ClInclude Include="frame_processor\frame_processor_fixed_pc_size.h">
      <Filter>Header Files</Filter>
    </ClInclude>
    <ClInclude Include="json.hpp">
      <Filter>Header Files</Filter>
    </ClInclude>
    <ClInclude Include="nlohmann\json.hpp">
      <Filter>Header Files</Filter>
    </ClInclude>
  </ItemGroup>
  <ItemGroup>
    <ClCompile Include="transporter\transporter_udp_proxy.cpp">
      <Filter>Source Files</Filter>
    </ClCompile>
    <ClCompile Include="transporter\transporter.cpp">
      <Filter>Source Files</Filter>
    </ClCompile>
    <ClCompile Include="worker\worker_layered.cpp">
      <Filter>Source Files</Filter>
    </ClCompile>
    <ClCompile Include="main.cpp">
      <Filter>Source Files</Filter>
    </ClCompile>
    <ClCompile Include="camera\camera.cpp">
      <Filter>Source Files</Filter>
    </ClCompile>
    <ClCompile Include="camera\camera_mock.cpp">
      <Filter>Source Files</Filter>
    </ClCompile>
    <ClCompile Include="camera\camera_realsense.cpp">
      <Filter>Source Files</Filter>
    </ClCompile>
    <ClCompile Include="encoder\encoder.cpp">
      <Filter>Source Files</Filter>
    </ClCompile>
    <ClCompile Include="encoder\encoder_draco.cpp">
      <Filter>Source Files</Filter>
    </ClCompile>
    <ClCompile Include="frame_processor\frame_processor_layered.cpp">
      <Filter>Source Files</Filter>
    </ClCompile>
    <ClCompile Include="sampler\sampler.cpp">
      <Filter>Source Files</Filter>
    </ClCompile>
    <ClCompile Include="sampler\sampler_uniform.cpp">
      <Filter>Source Files</Filter>
    </ClCompile>
    <ClCompile Include="result_writer.cpp">
      <Filter>Source Files</Filter>
    </ClCompile>
    <ClCompile Include="frame_processor\frame_processor.cpp">
      <Filter>Source Files</Filter>
    </ClCompile>
    <ClCompile Include="frame_processor\frame_processor_individual.cpp">
      <Filter>Source Files</Filter>
    </ClCompile>
    <ClCompile Include="thread_pool.cpp">
      <Filter>Source Files</Filter>
    </ClCompile>
    <ClCompile Include="transporter\transporter_mock.cpp">
      <Filter>Source Files</Filter>
    </ClCompile>
    <ClCompile Include="frame_processor\frame_processor_fixed_rate.cpp">
      <Filter>Source Files</Filter>
    </ClCompile>
    <ClCompile Include="frame_processor\frame_processor_fixed_pc_size.cpp">
      <Filter>Source Files</Filter>
    </ClCompile>
  </ItemGroup>
</Project>